
Microsoft Visual Studio Solution File, Format Version 12.00
# Visual Studio Version 16
VisualStudioVersion = 16.0.31019.35
MinimumVisualStudioVersion = 10.0.40219.1
Project("{FAE04EC0-301F-11D3-BF4B-00C04F79EFBC}") = "Raspisanie", "Raspisanie\Raspisanie.csproj", "{0A3371F6-B58B-4716-94AC-82B5070BA39F}"
EndProject
Global
	GlobalSection(SolutionConfigurationPlatforms) = preSolution
		Debug|Any CPU = Debug|Any CPU
		Release|Any CPU = Release|Any CPU
	EndGlobalSection
	GlobalSection(ProjectConfigurationPlatforms) = postSolution
		{0A3371F6-B58B-4716-94AC-82B5070BA39F}.Debug|Any CPU.ActiveCfg = Debug|Any CPU
		{0A3371F6-B58B-4716-94AC-82B5070BA39F}.Debug|Any CPU.Build.0 = Debug|Any CPU
		{0A3371F6-B58B-4716-94AC-82B5070BA39F}.Release|Any CPU.ActiveCfg = Release|Any CPU
		{0A3371F6-B58B-4716-94AC-82B5070BA39F}.Release|Any CPU.Build.0 = Release|Any CPU
	EndGlobalSection
	GlobalSection(SolutionProperties) = preSolution
		HideSolutionNode = FALSE
	EndGlobalSection
	GlobalSection(ExtensibilityGlobals) = postSolution
		SolutionGuid = {8AB85463-1D67-4748-9982-4C08C8F49D64}
	EndGlobalSection
EndGlobal
